{
  "name": "elbow-oracle",
  "lockfileVersion": 3,
  "requires": true,
  "packages": {
    "": {
      "name": "elbow-oracle",
      "dependencies": {
        "@braintree/sanitize-url": "6.0.2",
        "es6-promise-pool": "2.5.0",
        "lodash.throttle": "4.1.1",
        "nanoid": "3.3.3",
        "perfect-freehand": "1.2.0",
        "points-on-curve": "1.0.1",
        "roughjs": "4.6.4",
        "tinycolor2": "1.6.0"
      }
    },
    "node_modules/@braintree/sanitize-url": {
      "version": "6.0.2",
      "resolved": "https://registry.npmjs.org/@braintree/sanitize-url/-/sanitize-url-6.0.2.tgz",
      "integrity": "sha512-Tbsj02wXCbqGmzdnXNk0SOF19ChhRU70BsroIi4Pm6Ehp56in6vch94mfbdQ17DozxkL3BAVjbZ4Qc1a0HFRAg==",
      "license": "MIT"
    },
    "node_modules/es6-promise-pool": {
      "version": "2.5.0",
      "resolved": "https://registry.npmjs.org/es6-promise-pool/-/es6-promise-pool-2.5.0.tgz",
      "integrity": "sha512-VHErXfzR/6r/+yyzPKeBvO0lgjfC5cbDCQWjWwMZWSb6YU39TGIl51OUmCfWCq4ylMdJSB8zkz2vIuIeIxXApA==",
      "license": "MIT",
      "engines": {
        "node": ">=0.10.0"
      }
    },
    "node_modules/hachure-fill": {
      "version": "0.5.2",
      "resolved": "https://registry.npmjs.org/hachure-fill/-/hachure-fill-0.5.2.tgz",
      "integrity": "sha512-3GKBOn+m2LX9iq+JC1064cSFprJY4jL1jCXTcpnfER5HYE2l/4EfWSGzkPa/ZDBmYI0ZOEj5VHV/eKnPGkHuOg==",
      "license": "MIT"
    },
    "node_modules/lodash.throttle": {
      "version": "4.1.1",
      "resolved": "https://registry.npmjs.org/lodash.throttle/-/lodash.throttle-4.1.1.tgz",
      "integrity": "sha512-wIkUCfVKpVsWo3JSZlc+8MB5it+2AN5W8J7YVMST30UrvcQNZ1Okbj+rbVniijTWE6FGYy4XJq/rHkas8qJMLQ==",
      "license": "MIT"
    },
    "node_modules/nanoid": {
      "version": "3.3.3",
      "resolved": "https://registry.npmjs.org/nanoid/-/nanoid-3.3.3.tgz",
      "integrity": "sha512-p1sjXuopFs0xg+fPASzQ28agW1oHD7xDsd9Xkf3T15H3c/cifrFHVwrh74PdoklAPi+i7MdRsE47vm2r6JoB+w==",
      "license": "MIT",
      "bin": {
        "nanoid": "bin/nanoid.cjs"
      },
      "engines": {
        "node": "^10 || ^12 || ^13.7 || ^14 || >=15.0.1"
      }
    },
    "node_modules/path-data-parser": {
      "version": "0.1.0",
      "resolved": "https://registry.npmjs.org/path-data-parser/-/path-data-parser-0.1.0.tgz",
      "integrity": "sha512-NOnmBpt5Y2RWbuv0LMzsayp3lVylAHLPUTut412ZA3l+C4uw4ZVkQbjShYCQ8TCpUMdPapr4YjUqLYD6v68j+w==",
      "license": "MIT"
    },
    "node_modules/perfect-freehand": {
      "version": "1.2.0",
      "resolved": "https://registry.npmjs.org/perfect-freehand/-/perfect-freehand-1.2.0.tgz",
      "integrity": "sha512-h/0ikF1M3phW7CwpZ5MMvKnfpHficWoOEyr//KVNTxV4F6deRK1eYMtHyBKEAKFK0aXIEUK9oBvlF6PNXMDsAw==",
      "license": "MIT"
    },
    "node_modules/points-on-curve": {
      "version": "1.0.1",
      "resolved": "https://registry.npmjs.org/points-on-curve/-/points-on-curve-1.0.1.tgz",
      "integrity": "sha512-3nmX4/LIiyuwGLwuUrfhTlDeQFlAhi7lyK/zcRNGhalwapDWgAGR82bUpmn2mA03vII3fvNCG8jAONzKXwpxAg==",
      "license": "MIT"
    },
    "node_modules/points-on-path": {
      "version": "0.2.1",
      "resolved": "https://registry.npmjs.org/points-on-path/-/points-on-path-0.2.1.tgz",
      "integrity": "sha512-25ClnWWuw7JbWZcgqY/gJ4FQWadKxGWk+3kR/7kD0tCaDtPPMj7oHu2ToLaVhfpnHrZzYby2w6tUA0eOIuUg8g==",
      "license": "MIT",
      "dependencies": {
        "path-data-parser": "0.1.0",
        "points-on-curve": "0.2.0"
      }
    },
    "node_modules/points-on-path/node_modules/points-on-curve": {
      "version": "0.2.0",
      "resolved": "https://registry.npmjs.org/points-on-curve/-/points-on-curve-0.2.0.tgz",
      "integrity": "sha512-0mYKnYYe9ZcqMCWhUjItv/oHjvgEsfKvnUTg8sAtnHr3GVy7rGkXCb6d5cSyqrWqL4k81b9CPg3urd+T7aop3A==",
      "license": "MIT"
    },
    "node_modules/roughjs": {
      "version": "4.6.4",
      "resolved": "https://registry.npmjs.org/roughjs/-/roughjs-4.6.4.tgz",
      "integrity": "sha512-s6EZ0BntezkFYMf/9mGn7M8XGIoaav9QQBCnJROWB3brUWQ683Q2LbRD/hq0Z3bAJ/9NVpU/5LpiTWvQMyLDhw==",
      "license": "MIT",
      "dependencies": {
        "hachure-fill": "^0.5.2",
        "path-data-parser": "^0.1.0",
        "points-on-curve": "^0.2.0",
        "points-on-path": "^0.2.1"
      }
    },
    "node_modules/roughjs/node_modules/points-on-curve": {
      "version": "0.2.0",
      "resolved": "https://registry.npmjs.org/points-on-curve/-/points-on-curve-0.2.0.tgz",
      "integrity": "sha512-0mYKnYYe9ZcqMCWhUjItv/oHjvgEsfKvnUTg8sAtnHr3GVy7rGkXCb6d5cSyqrWqL4k81b9CPg3urd+T7aop3A==",
      "license": "MIT"
    },
    "node_modules/tinycolor2": {
      "version": "1.6.0",
      "resolved": "https://registry.npmjs.org/tinycolor2/-/tinycolor2-1.6.0.tgz",
      "integrity": "sha512-XPaBkWQJdsf3pLKJV9p4qN/S+fm2Oj8AIPo1BTUhg5oxkvm9+SVEGFdhyOz7tTdUTfvxMiAs4sp6/eZO2Ew+pw==",
      "license": "MIT"
    }
  }
}
